// !$*UTF8*$!
{
	archiveVersion = 1;
	classes = {
	};
	objectVersion = 50;
	objects = {

/* Begin PBXBuildFile section */
		4DEB3A30C2667D6632BB6261 /* Pods_HomeTestTiki.framework in Frameworks */ = {isa = PBXBuildFile; fileRef = 29A9ADAD8FF37D6758A0D092 /* Pods_HomeTestTiki.framework */; };
		63EC51BC46E15913A8B1FF6A /* Pods_HomeTestTikiTests.framework in Frameworks */ = {isa = PBXBuildFile; fileRef = 788464690C856EB0E501426F /* Pods_HomeTestTikiTests.framework */; };
		9B0055A70B341972F3338AB9 /* Pods_HomeTestTikiUITests.framework in Frameworks */ = {isa = PBXBuildFile; fileRef = 4E855E733A5676961B603B21 /* Pods_HomeTestTikiUITests.framework */; };
		EE3F7046222D0CBB005DF6E7 /* AppDelegate.swift in Sources */ = {isa = PBXBuildFile; fileRef = EE3F7045222D0CBB005DF6E7 /* AppDelegate.swift */; };
		EE3F704B222D0CBB005DF6E7 /* Main.storyboard in Resources */ = {isa = PBXBuildFile; fileRef = EE3F7049222D0CBB005DF6E7 /* Main.storyboard */; };
		EE3F704D222D0CBD005DF6E7 /* Assets.xcassets in Resources */ = {isa = PBXBuildFile; fileRef = EE3F704C222D0CBD005DF6E7 /* Assets.xcassets */; };
		EE3F7050222D0CBD005DF6E7 /* LaunchScreen.storyboard in Resources */ = {isa = PBXBuildFile; fileRef = EE3F704E222D0CBD005DF6E7 /* LaunchScreen.storyboard */; };
		EE3F705B222D0CBE005DF6E7 /* HomeTestTikiTests.swift in Sources */ = {isa = PBXBuildFile; fileRef = EE3F705A222D0CBE005DF6E7 /* HomeTestTikiTests.swift */; };
		EE3F7066222D0CBE005DF6E7 /* HomeTestTikiUITests.swift in Sources */ = {isa = PBXBuildFile; fileRef = EE3F7065222D0CBE005DF6E7 /* HomeTestTikiUITests.swift */; };
		EE3F7077222D1227005DF6E7 /* BaseViewCtr.swift in Sources */ = {isa = PBXBuildFile; fileRef = EE3F7076222D1227005DF6E7 /* BaseViewCtr.swift */; };
		EE3F707A222D1317005DF6E7 /* protocols+.swift in Sources */ = {isa = PBXBuildFile; fileRef = EE3F7079222D1317005DF6E7 /* protocols+.swift */; };
		EE3F707D222D13DF005DF6E7 /* BaseNavigationCtr.swift in Sources */ = {isa = PBXBuildFile; fileRef = EE3F707C222D13DF005DF6E7 /* BaseNavigationCtr.swift */; };
		EE3F7080222D1477005DF6E7 /* ServiceType.swift in Sources */ = {isa = PBXBuildFile; fileRef = EE3F707F222D1477005DF6E7 /* ServiceType.swift */; };
		EE3F7082222D186A005DF6E7 /* Observable+Operators.swift in Sources */ = {isa = PBXBuildFile; fileRef = EE3F7081222D186A005DF6E7 /* Observable+Operators.swift */; };
		EE3F7084222D18BF005DF6E7 /* ReachabilityManager.swift in Sources */ = {isa = PBXBuildFile; fileRef = EE3F7083222D18BF005DF6E7 /* ReachabilityManager.swift */; };
		EE3F7086222D1E53005DF6E7 /* Constants.swift in Sources */ = {isa = PBXBuildFile; fileRef = EE3F7085222D1E53005DF6E7 /* Constants.swift */; };
		EE3F7088222D2024005DF6E7 /* HomeService.swift in Sources */ = {isa = PBXBuildFile; fileRef = EE3F7087222D2024005DF6E7 /* HomeService.swift */; };
		EE3F708B222D2149005DF6E7 /* Keyword.swift in Sources */ = {isa = PBXBuildFile; fileRef = EE3F708A222D2149005DF6E7 /* Keyword.swift */; };
		EE3F708D222D252E005DF6E7 /* NetworkLogger.swift in Sources */ = {isa = PBXBuildFile; fileRef = EE3F708C222D252E005DF6E7 /* NetworkLogger.swift */; };
		EE3F708F222D258A005DF6E7 /* Logger.swift in Sources */ = {isa = PBXBuildFile; fileRef = EE3F708E222D258A005DF6E7 /* Logger.swift */; };
		EE3F7091222D2883005DF6E7 /* HomeViewCtr.swift in Sources */ = {isa = PBXBuildFile; fileRef = EE3F7090222D2883005DF6E7 /* HomeViewCtr.swift */; };
		EE3F7094222D28F1005DF6E7 /* HomeViewModel.swift in Sources */ = {isa = PBXBuildFile; fileRef = EE3F7093222D28F1005DF6E7 /* HomeViewModel.swift */; };
		EE3F7096222D2F2D005DF6E7 /* HomeBaseCellViewModel.swift in Sources */ = {isa = PBXBuildFile; fileRef = EE3F7095222D2F2D005DF6E7 /* HomeBaseCellViewModel.swift */; };
		EE3F7098222D3E10005DF6E7 /* GenericError.swift in Sources */ = {isa = PBXBuildFile; fileRef = EE3F7097222D3E10005DF6E7 /* GenericError.swift */; };
		EE3F70A0222D5BFC005DF6E7 /* KeywordHotItemCell.swift in Sources */ = {isa = PBXBuildFile; fileRef = EE3F709E222D5BFC005DF6E7 /* KeywordHotItemCell.swift */; };
		EE3F70A1222D5BFC005DF6E7 /* KeywordHotItemCell.xib in Resources */ = {isa = PBXBuildFile; fileRef = EE3F709F222D5BFC005DF6E7 /* KeywordHotItemCell.xib */; };
		EE3F70A8222D6289005DF6E7 /* KeywordRecommendCell.swift in Sources */ = {isa = PBXBuildFile; fileRef = EE3F70A6222D6289005DF6E7 /* KeywordRecommendCell.swift */; };
		EE3F70A9222D6289005DF6E7 /* KeywordRecommendCell.xib in Resources */ = {isa = PBXBuildFile; fileRef = EE3F70A7222D6289005DF6E7 /* KeywordRecommendCell.xib */; };
		EE3F70AC222D69A2005DF6E7 /* KeywordHotCell.swift in Sources */ = {isa = PBXBuildFile; fileRef = EE3F70AA222D69A2005DF6E7 /* KeywordHotCell.swift */; };
		EE3F70AD222D69A2005DF6E7 /* KeywordHotCell.xib in Resources */ = {isa = PBXBuildFile; fileRef = EE3F70AB222D69A2005DF6E7 /* KeywordHotCell.xib */; };
		EE3F70B1222D90D5005DF6E7 /* TableView+Utility.swift in Sources */ = {isa = PBXBuildFile; fileRef = EE3F70B0222D90D5005DF6E7 /* TableView+Utility.swift */; };
		EE3F70B3222D910F005DF6E7 /* BaseCell.swift in Sources */ = {isa = PBXBuildFile; fileRef = EE3F70B2222D910F005DF6E7 /* BaseCell.swift */; };
		EE3F70B5222DA6C4005DF6E7 /* Color+Utility.swift in Sources */ = {isa = PBXBuildFile; fileRef = EE3F70B4222DA6C4005DF6E7 /* Color+Utility.swift */; };
		EE3F70B7222DAD53005DF6E7 /* String+Utility.swift in Sources */ = {isa = PBXBuildFile; fileRef = EE3F70B6222DAD53005DF6E7 /* String+Utility.swift */; };
/* End PBXBuildFile section */

/* Begin PBXContainerItemProxy section */
		EE3F7057222D0CBE005DF6E7 /* PBXContainerItemProxy */ = {
			isa = PBXContainerItemProxy;
			containerPortal = EE3F703A222D0CBB005DF6E7 /* Project object */;
			proxyType = 1;
			remoteGlobalIDString = EE3F7041222D0CBB005DF6E7;
			remoteInfo = HomeTestTiki;
		};
		EE3F7062222D0CBE005DF6E7 /* PBXContainerItemProxy */ = {
			isa = PBXContainerItemProxy;
			containerPortal = EE3F703A222D0CBB005DF6E7 /* Project object */;
			proxyType = 1;
			remoteGlobalIDString = EE3F7041222D0CBB005DF6E7;
			remoteInfo = HomeTestTiki;
		};
/* End PBXContainerItemProxy section */

/* Begin PBXFileReference section */
		0B0586AD1B3E38A395CCAC19 /* Pods-HomeTestTikiUITests.release.xcconfig */ = {isa = PBXFileReference; includeInIndex = 1; lastKnownFileType = text.xcconfig; name = "Pods-HomeTestTikiUITests.release.xcconfig"; path = "Pods/Target Support Files/Pods-HomeTestTikiUITests/Pods-HomeTestTikiUITests.release.xcconfig"; sourceTree = "<group>"; };
		29A9ADAD8FF37D6758A0D092 /* Pods_HomeTestTiki.framework */ = {isa = PBXFileReference; explicitFileType = wrapper.framework; includeInIndex = 0; path = Pods_HomeTestTiki.framework; sourceTree = BUILT_PRODUCTS_DIR; };
		456E134642E64EEE89F4254E /* Pods-HomeTestTikiTests.debug.xcconfig */ = {isa = PBXFileReference; includeInIndex = 1; lastKnownFileType = text.xcconfig; name = "Pods-HomeTestTikiTests.debug.xcconfig"; path = "Pods/Target Support Files/Pods-HomeTestTikiTests/Pods-HomeTestTikiTests.debug.xcconfig"; sourceTree = "<group>"; };
		4E855E733A5676961B603B21 /* Pods_HomeTestTikiUITests.framework */ = {isa = PBXFileReference; explicitFileType = wrapper.framework; includeInIndex = 0; path = Pods_HomeTestTikiUITests.framework; sourceTree = BUILT_PRODUCTS_DIR; };
		788464690C856EB0E501426F /* Pods_HomeTestTikiTests.framework */ = {isa = PBXFileReference; explicitFileType = wrapper.framework; includeInIndex = 0; path = Pods_HomeTestTikiTests.framework; sourceTree = BUILT_PRODUCTS_DIR; };
		BC58AD438CA3979E417498FE /* Pods-HomeTestTiki.debug.xcconfig */ = {isa = PBXFileReference; includeInIndex = 1; lastKnownFileType = text.xcconfig; name = "Pods-HomeTestTiki.debug.xcconfig"; path = "Pods/Target Support Files/Pods-HomeTestTiki/Pods-HomeTestTiki.debug.xcconfig"; sourceTree = "<group>"; };
		D11316B476DFD614B1034B04 /* Pods-HomeTestTikiTests.release.xcconfig */ = {isa = PBXFileReference; includeInIndex = 1; lastKnownFileType = text.xcconfig; name = "Pods-HomeTestTikiTests.release.xcconfig"; path = "Pods/Target Support Files/Pods-HomeTestTikiTests/Pods-HomeTestTikiTests.release.xcconfig"; sourceTree = "<group>"; };
		D1F9A91FF2753DBD0E468C12 /* Pods-HomeTestTikiUITests.debug.xcconfig */ = {isa = PBXFileReference; includeInIndex = 1; lastKnownFileType = text.xcconfig; name = "Pods-HomeTestTikiUITests.debug.xcconfig"; path = "Pods/Target Support Files/Pods-HomeTestTikiUITests/Pods-HomeTestTikiUITests.debug.xcconfig"; sourceTree = "<group>"; };
		D6F0A40D848A6BEEF0B9BCF5 /* Pods-HomeTestTiki.release.xcconfig */ = {isa = PBXFileReference; includeInIndex = 1; lastKnownFileType = text.xcconfig; name = "Pods-HomeTestTiki.release.xcconfig"; path = "Pods/Target Support Files/Pods-HomeTestTiki/Pods-HomeTestTiki.release.xcconfig"; sourceTree = "<group>"; };
		EE3F7042222D0CBB005DF6E7 /* HomeTestTiki.app */ = {isa = PBXFileReference; explicitFileType = wrapper.application; includeInIndex = 0; path = HomeTestTiki.app; sourceTree = BUILT_PRODUCTS_DIR; };
		EE3F7045222D0CBB005DF6E7 /* AppDelegate.swift */ = {isa = PBXFileReference; lastKnownFileType = sourcecode.swift; path = AppDelegate.swift; sourceTree = "<group>"; };
		EE3F704A222D0CBB005DF6E7 /* Base */ = {isa = PBXFileReference; lastKnownFileType = file.storyboard; name = Base; path = Base.lproj/Main.storyboard; sourceTree = "<group>"; };
		EE3F704C222D0CBD005DF6E7 /* Assets.xcassets */ = {isa = PBXFileReference; lastKnownFileType = folder.assetcatalog; path = Assets.xcassets; sourceTree = "<group>"; };
		EE3F704F222D0CBD005DF6E7 /* Base */ = {isa = PBXFileReference; lastKnownFileType = file.storyboard; name = Base; path = Base.lproj/LaunchScreen.storyboard; sourceTree = "<group>"; };
		EE3F7051222D0CBD005DF6E7 /* Info.plist */ = {isa = PBXFileReference; lastKnownFileType = text.plist.xml; path = Info.plist; sourceTree = "<group>"; };
		EE3F7056222D0CBE005DF6E7 /* HomeTestTikiTests.xctest */ = {isa = PBXFileReference; explicitFileType = wrapper.cfbundle; includeInIndex = 0; path = HomeTestTikiTests.xctest; sourceTree = BUILT_PRODUCTS_DIR; };
		EE3F705A222D0CBE005DF6E7 /* HomeTestTikiTests.swift */ = {isa = PBXFileReference; lastKnownFileType = sourcecode.swift; path = HomeTestTikiTests.swift; sourceTree = "<group>"; };
		EE3F705C222D0CBE005DF6E7 /* Info.plist */ = {isa = PBXFileReference; lastKnownFileType = text.plist.xml; path = Info.plist; sourceTree = "<group>"; };
		EE3F7061222D0CBE005DF6E7 /* HomeTestTikiUITests.xctest */ = {isa = PBXFileReference; explicitFileType = wrapper.cfbundle; includeInIndex = 0; path = HomeTestTikiUITests.xctest; sourceTree = BUILT_PRODUCTS_DIR; };
		EE3F7065222D0CBE005DF6E7 /* HomeTestTikiUITests.swift */ = {isa = PBXFileReference; lastKnownFileType = sourcecode.swift; path = HomeTestTikiUITests.swift; sourceTree = "<group>"; };
		EE3F7067222D0CBE005DF6E7 /* Info.plist */ = {isa = PBXFileReference; lastKnownFileType = text.plist.xml; path = Info.plist; sourceTree = "<group>"; };
		EE3F7076222D1227005DF6E7 /* BaseViewCtr.swift */ = {isa = PBXFileReference; lastKnownFileType = sourcecode.swift; path = BaseViewCtr.swift; sourceTree = "<group>"; };
		EE3F7079222D1317005DF6E7 /* protocols+.swift */ = {isa = PBXFileReference; lastKnownFileType = sourcecode.swift; path = "protocols+.swift"; sourceTree = "<group>"; };
		EE3F707C222D13DF005DF6E7 /* BaseNavigationCtr.swift */ = {isa = PBXFileReference; lastKnownFileType = sourcecode.swift; path = BaseNavigationCtr.swift; sourceTree = "<group>"; };
		EE3F707F222D1477005DF6E7 /* ServiceType.swift */ = {isa = PBXFileReference; lastKnownFileType = sourcecode.swift; path = ServiceType.swift; sourceTree = "<group>"; };
		EE3F7081222D186A005DF6E7 /* Observable+Operators.swift */ = {isa = PBXFileReference; lastKnownFileType = sourcecode.swift; path = "Observable+Operators.swift"; sourceTree = "<group>"; };
		EE3F7083222D18BF005DF6E7 /* ReachabilityManager.swift */ = {isa = PBXFileReference; lastKnownFileType = sourcecode.swift; path = ReachabilityManager.swift; sourceTree = "<group>"; };
		EE3F7085222D1E53005DF6E7 /* Constants.swift */ = {isa = PBXFileReference; lastKnownFileType = sourcecode.swift; path = Constants.swift; sourceTree = "<group>"; };
		EE3F7087222D2024005DF6E7 /* HomeService.swift */ = {isa = PBXFileReference; lastKnownFileType = sourcecode.swift; path = HomeService.swift; sourceTree = "<group>"; };
		EE3F708A222D2149005DF6E7 /* Keyword.swift */ = {isa = PBXFileReference; lastKnownFileType = sourcecode.swift; path = Keyword.swift; sourceTree = "<group>"; };
		EE3F708C222D252E005DF6E7 /* NetworkLogger.swift */ = {isa = PBXFileReference; lastKnownFileType = sourcecode.swift; path = NetworkLogger.swift; sourceTree = "<group>"; };
		EE3F708E222D258A005DF6E7 /* Logger.swift */ = {isa = PBXFileReference; lastKnownFileType = sourcecode.swift; path = Logger.swift; sourceTree = "<group>"; };
		EE3F7090222D2883005DF6E7 /* HomeViewCtr.swift */ = {isa = PBXFileReference; lastKnownFileType = sourcecode.swift; path = HomeViewCtr.swift; sourceTree = "<group>"; };
		EE3F7093222D28F1005DF6E7 /* HomeViewModel.swift */ = {isa = PBXFileReference; lastKnownFileType = sourcecode.swift; path = HomeViewModel.swift; sourceTree = "<group>"; };
		EE3F7095222D2F2D005DF6E7 /* HomeBaseCellViewModel.swift */ = {isa = PBXFileReference; lastKnownFileType = sourcecode.swift; path = HomeBaseCellViewModel.swift; sourceTree = "<group>"; };
		EE3F7097222D3E10005DF6E7 /* GenericError.swift */ = {isa = PBXFileReference; fileEncoding = 4; lastKnownFileType = sourcecode.swift; path = GenericError.swift; sourceTree = "<group>"; };
		EE3F709E222D5BFC005DF6E7 /* KeywordHotItemCell.swift */ = {isa = PBXFileReference; lastKnownFileType = sourcecode.swift; path = KeywordHotItemCell.swift; sourceTree = "<group>"; };
		EE3F709F222D5BFC005DF6E7 /* KeywordHotItemCell.xib */ = {isa = PBXFileReference; lastKnownFileType = file.xib; path = KeywordHotItemCell.xib; sourceTree = "<group>"; };
		EE3F70A6222D6289005DF6E7 /* KeywordRecommendCell.swift */ = {isa = PBXFileReference; lastKnownFileType = sourcecode.swift; path = KeywordRecommendCell.swift; sourceTree = "<group>"; };
		EE3F70A7222D6289005DF6E7 /* KeywordRecommendCell.xib */ = {isa = PBXFileReference; lastKnownFileType = file.xib; path = KeywordRecommendCell.xib; sourceTree = "<group>"; };
		EE3F70AA222D69A2005DF6E7 /* KeywordHotCell.swift */ = {isa = PBXFileReference; lastKnownFileType = sourcecode.swift; path = KeywordHotCell.swift; sourceTree = "<group>"; };
		EE3F70AB222D69A2005DF6E7 /* KeywordHotCell.xib */ = {isa = PBXFileReference; lastKnownFileType = file.xib; path = KeywordHotCell.xib; sourceTree = "<group>"; };
		EE3F70B0222D90D5005DF6E7 /* TableView+Utility.swift */ = {isa = PBXFileReference; lastKnownFileType = sourcecode.swift; path = "TableView+Utility.swift"; sourceTree = "<group>"; };
		EE3F70B2222D910F005DF6E7 /* BaseCell.swift */ = {isa = PBXFileReference; lastKnownFileType = sourcecode.swift; path = BaseCell.swift; sourceTree = "<group>"; };
		EE3F70B4222DA6C4005DF6E7 /* Color+Utility.swift */ = {isa = PBXFileReference; lastKnownFileType = sourcecode.swift; path = "Color+Utility.swift"; sourceTree = "<group>"; };
		EE3F70B6222DAD53005DF6E7 /* String+Utility.swift */ = {isa = PBXFileReference; lastKnownFileType = sourcecode.swift; path = "String+Utility.swift"; sourceTree = "<group>"; };
/* End PBXFileReference section */

/* Begin PBXFrameworksBuildPhase section */
		EE3F703F222D0CBB005DF6E7 /* Frameworks */ = {
			isa = PBXFrameworksBuildPhase;
			buildActionMask = 2147483647;
			files = (
				4DEB3A30C2667D6632BB6261 /* Pods_HomeTestTiki.framework in Frameworks */,
			);
			runOnlyForDeploymentPostprocessing = 0;
		};
		EE3F7053222D0CBE005DF6E7 /* Frameworks */ = {
			isa = PBXFrameworksBuildPhase;
			buildActionMask = 2147483647;
			files = (
				63EC51BC46E15913A8B1FF6A /* Pods_HomeTestTikiTests.framework in Frameworks */,
			);
			runOnlyForDeploymentPostprocessing = 0;
		};
		EE3F705E222D0CBE005DF6E7 /* Frameworks */ = {
			isa = PBXFrameworksBuildPhase;
			buildActionMask = 2147483647;
			files = (
				9B0055A70B341972F3338AB9 /* Pods_HomeTestTikiUITests.framework in Frameworks */,
			);
			runOnlyForDeploymentPostprocessing = 0;
		};
/* End PBXFrameworksBuildPhase section */

/* Begin PBXGroup section */
		66B41F0644F5844634CC5A62 /* Pods */ = {
			isa = PBXGroup;
			children = (
				BC58AD438CA3979E417498FE /* Pods-HomeTestTiki.debug.xcconfig */,
				D6F0A40D848A6BEEF0B9BCF5 /* Pods-HomeTestTiki.release.xcconfig */,
				456E134642E64EEE89F4254E /* Pods-HomeTestTikiTests.debug.xcconfig */,
				D11316B476DFD614B1034B04 /* Pods-HomeTestTikiTests.release.xcconfig */,
				D1F9A91FF2753DBD0E468C12 /* Pods-HomeTestTikiUITests.debug.xcconfig */,
				0B0586AD1B3E38A395CCAC19 /* Pods-HomeTestTikiUITests.release.xcconfig */,
			);
			name = Pods;
			sourceTree = "<group>";
		};
		8156C619149C451E8C2F1648 /* Frameworks */ = {
			isa = PBXGroup;
			children = (
				29A9ADAD8FF37D6758A0D092 /* Pods_HomeTestTiki.framework */,
				788464690C856EB0E501426F /* Pods_HomeTestTikiTests.framework */,
				4E855E733A5676961B603B21 /* Pods_HomeTestTikiUITests.framework */,
			);
			name = Frameworks;
			sourceTree = "<group>";
		};
		EE3F7039222D0CBB005DF6E7 = {
			isa = PBXGroup;
			children = (
				EE3F7044222D0CBB005DF6E7 /* HomeTestTiki */,
				EE3F7059222D0CBE005DF6E7 /* HomeTestTikiTests */,
				EE3F7064222D0CBE005DF6E7 /* HomeTestTikiUITests */,
				EE3F7043222D0CBB005DF6E7 /* Products */,
				66B41F0644F5844634CC5A62 /* Pods */,
				8156C619149C451E8C2F1648 /* Frameworks */,
			);
			sourceTree = "<group>";
		};
		EE3F7043222D0CBB005DF6E7 /* Products */ = {
			isa = PBXGroup;
			children = (
				EE3F7042222D0CBB005DF6E7 /* HomeTestTiki.app */,
				EE3F7056222D0CBE005DF6E7 /* HomeTestTikiTests.xctest */,
				EE3F7061222D0CBE005DF6E7 /* HomeTestTikiUITests.xctest */,
			);
			name = Products;
			sourceTree = "<group>";
		};
		EE3F7044222D0CBB005DF6E7 /* HomeTestTiki */ = {
			isa = PBXGroup;
			children = (
				EE3F7074222D11FF005DF6E7 /* Home */,
				EE3F7045222D0CBB005DF6E7 /* AppDelegate.swift */,
				EE3F7049222D0CBB005DF6E7 /* Main.storyboard */,
				EE3F704C222D0CBD005DF6E7 /* Assets.xcassets */,
				EE3F704E222D0CBD005DF6E7 /* LaunchScreen.storyboard */,
				EE3F7051222D0CBD005DF6E7 /* Info.plist */,
			);
			path = HomeTestTiki;
			sourceTree = "<group>";
		};
		EE3F7059222D0CBE005DF6E7 /* HomeTestTikiTests */ = {
			isa = PBXGroup;
			children = (
				EE3F705A222D0CBE005DF6E7 /* HomeTestTikiTests.swift */,
				EE3F705C222D0CBE005DF6E7 /* Info.plist */,
			);
			path = HomeTestTikiTests;
			sourceTree = "<group>";
		};
		EE3F7064222D0CBE005DF6E7 /* HomeTestTikiUITests */ = {
			isa = PBXGroup;
			children = (
				EE3F7065222D0CBE005DF6E7 /* HomeTestTikiUITests.swift */,
				EE3F7067222D0CBE005DF6E7 /* Info.plist */,
			);
			path = HomeTestTikiUITests;
			sourceTree = "<group>";
		};
		EE3F7074222D11FF005DF6E7 /* Home */ = {
			isa = PBXGroup;
			children = (
				EE3F7092222D28CC005DF6E7 /* ViewModel */,
				EE3F7075222D1207005DF6E7 /* ViewController */,
				EE3F7089222D210C005DF6E7 /* Model */,
				EE3F7099222D54D4005DF6E7 /* View */,
				EE3F707E222D1445005DF6E7 /* Service */,
				EE3F7078222D12EC005DF6E7 /* Utility */,
			);
			path = Home;
			sourceTree = "<group>";
		};
		EE3F7075222D1207005DF6E7 /* ViewController */ = {
			isa = PBXGroup;
			children = (
				EE3F7090222D2883005DF6E7 /* HomeViewCtr.swift */,
				EE3F7076222D1227005DF6E7 /* BaseViewCtr.swift */,
				EE3F707C222D13DF005DF6E7 /* BaseNavigationCtr.swift */,
			);
			path = ViewController;
			sourceTree = "<group>";
		};
		EE3F7078222D12EC005DF6E7 /* Utility */ = {
			isa = PBXGroup;
			children = (
				EE3F7079222D1317005DF6E7 /* protocols+.swift */,
				EE3F7083222D18BF005DF6E7 /* ReachabilityManager.swift */,
				EE3F7081222D186A005DF6E7 /* Observable+Operators.swift */,
				EE3F7085222D1E53005DF6E7 /* Constants.swift */,
				EE3F708C222D252E005DF6E7 /* NetworkLogger.swift */,
				EE3F708E222D258A005DF6E7 /* Logger.swift */,
				EE3F70B0222D90D5005DF6E7 /* TableView+Utility.swift */,
				EE3F70B4222DA6C4005DF6E7 /* Color+Utility.swift */,
				EE3F70B6222DAD53005DF6E7 /* String+Utility.swift */,
			);
			path = Utility;
			sourceTree = "<group>";
		};
		EE3F707E222D1445005DF6E7 /* Service */ = {
			isa = PBXGroup;
			children = (
				EE3F7097222D3E10005DF6E7 /* GenericError.swift */,
				EE3F7087222D2024005DF6E7 /* HomeService.swift */,
				EE3F707F222D1477005DF6E7 /* ServiceType.swift */,
			);
			path = Service;
			sourceTree = "<group>";
		};
		EE3F7089222D210C005DF6E7 /* Model */ = {
			isa = PBXGroup;
			children = (
				EE3F708A222D2149005DF6E7 /* Keyword.swift */,
			);
			path = Model;
			sourceTree = "<group>";
		};
		EE3F7092222D28CC005DF6E7 /* ViewModel */ = {
			isa = PBXGroup;
			children = (
				EE3F7093222D28F1005DF6E7 /* HomeViewModel.swift */,
				EE3F7095222D2F2D005DF6E7 /* HomeBaseCellViewModel.swift */,
			);
			path = ViewModel;
			sourceTree = "<group>";
		};
		EE3F7099222D54D4005DF6E7 /* View */ = {
			isa = PBXGroup;
			children = (
				EE3F70AA222D69A2005DF6E7 /* KeywordHotCell.swift */,
				EE3F70AB222D69A2005DF6E7 /* KeywordHotCell.xib */,
				EE3F709E222D5BFC005DF6E7 /* KeywordHotItemCell.swift */,
				EE3F709F222D5BFC005DF6E7 /* KeywordHotItemCell.xib */,
				EE3F70A6222D6289005DF6E7 /* KeywordRecommendCell.swift */,
				EE3F70A7222D6289005DF6E7 /* KeywordRecommendCell.xib */,
				EE3F70B2222D910F005DF6E7 /* BaseCell.swift */,
			);
			path = View;
			sourceTree = "<group>";
		};
/* End PBXGroup section */

/* Begin PBXNativeTarget section */
		EE3F7041222D0CBB005DF6E7 /* HomeTestTiki */ = {
			isa = PBXNativeTarget;
			buildConfigurationList = EE3F706A222D0CBE005DF6E7 /* Build configuration list for PBXNativeTarget "HomeTestTiki" */;
			buildPhases = (
				072FF84693CC90464E816FD0 /* [CP] Check Pods Manifest.lock */,
				EE3F703E222D0CBB005DF6E7 /* Sources */,
				EE3F703F222D0CBB005DF6E7 /* Frameworks */,
				EE3F7040222D0CBB005DF6E7 /* Resources */,
				3259E0B378E99234EFB5F0AD /* [CP] Embed Pods Frameworks */,
			);
			buildRules = (
			);
			dependencies = (
			);
			name = HomeTestTiki;
			productName = HomeTestTiki;
			productReference = EE3F7042222D0CBB005DF6E7 /* HomeTestTiki.app */;
			productType = "com.apple.product-type.application";
		};
		EE3F7055222D0CBE005DF6E7 /* HomeTestTikiTests */ = {
			isa = PBXNativeTarget;
			buildConfigurationList = EE3F706D222D0CBE005DF6E7 /* Build configuration list for PBXNativeTarget "HomeTestTikiTests" */;
			buildPhases = (
				AA2DD76DCDA6AFF65F676BAB /* [CP] Check Pods Manifest.lock */,
				EE3F7052222D0CBE005DF6E7 /* Sources */,
				EE3F7053222D0CBE005DF6E7 /* Frameworks */,
				EE3F7054222D0CBE005DF6E7 /* Resources */,
			);
			buildRules = (
			);
			dependencies = (
				EE3F7058222D0CBE005DF6E7 /* PBXTargetDependency */,
			);
			name = HomeTestTikiTests;
			productName = HomeTestTikiTests;
			productReference = EE3F7056222D0CBE005DF6E7 /* HomeTestTikiTests.xctest */;
			productType = "com.apple.product-type.bundle.unit-test";
		};
		EE3F7060222D0CBE005DF6E7 /* HomeTestTikiUITests */ = {
			isa = PBXNativeTarget;
			buildConfigurationList = EE3F7070222D0CBE005DF6E7 /* Build configuration list for PBXNativeTarget "HomeTestTikiUITests" */;
			buildPhases = (
				7269F1FC5AFF5BD0D5CC7D96 /* [CP] Check Pods Manifest.lock */,
				EE3F705D222D0CBE005DF6E7 /* Sources */,
				EE3F705E222D0CBE005DF6E7 /* Frameworks */,
				EE3F705F222D0CBE005DF6E7 /* Resources */,
			);
			buildRules = (
			);
			dependencies = (
				EE3F7063222D0CBE005DF6E7 /* PBXTargetDependency */,
			);
			name = HomeTestTikiUITests;
			productName = HomeTestTikiUITests;
			productReference = EE3F7061222D0CBE005DF6E7 /* HomeTestTikiUITests.xctest */;
			productType = "com.apple.product-type.bundle.ui-testing";
		};
/* End PBXNativeTarget section */

/* Begin PBXProject section */
		EE3F703A222D0CBB005DF6E7 /* Project object */ = {
			isa = PBXProject;
			attributes = {
				LastSwiftUpdateCheck = 1000;
				LastUpgradeCheck = 1000;
				ORGANIZATIONNAME = TaiPham;
				TargetAttributes = {
					EE3F7041222D0CBB005DF6E7 = {
						CreatedOnToolsVersion = 10.0;
					};
					EE3F7055222D0CBE005DF6E7 = {
						CreatedOnToolsVersion = 10.0;
						TestTargetID = EE3F7041222D0CBB005DF6E7;
					};
					EE3F7060222D0CBE005DF6E7 = {
						CreatedOnToolsVersion = 10.0;
						TestTargetID = EE3F7041222D0CBB005DF6E7;
					};
				};
			};
			buildConfigurationList = EE3F703D222D0CBB005DF6E7 /* Build configuration list for PBXProject "HomeTestTiki" */;
			compatibilityVersion = "Xcode 9.3";
			developmentRegion = en;
			hasScannedForEncodings = 0;
			knownRegions = (
				en,
				Base,
			);
			mainGroup = EE3F7039222D0CBB005DF6E7;
			productRefGroup = EE3F7043222D0CBB005DF6E7 /* Products */;
			projectDirPath = "";
			projectRoot = "";
			targets = (
				EE3F7041222D0CBB005DF6E7 /* HomeTestTiki */,
				EE3F7055222D0CBE005DF6E7 /* HomeTestTikiTests */,
				EE3F7060222D0CBE005DF6E7 /* HomeTestTikiUITests */,
			);
		};
/* End PBXProject section */

/* Begin PBXResourcesBuildPhase section */
		EE3F7040222D0CBB005DF6E7 /* Resources */ = {
			isa = PBXResourcesBuildPhase;
			buildActionMask = 2147483647;
			files = (
				EE3F7050222D0CBD005DF6E7 /* LaunchScreen.storyboard in Resources */,
				EE3F704D222D0CBD005DF6E7 /* Assets.xcassets in Resources */,
				EE3F704B222D0CBB005DF6E7 /* Main.storyboard in Resources */,
				EE3F70AD222D69A2005DF6E7 /* KeywordHotCell.xib in Resources */,
				EE3F70A1222D5BFC005DF6E7 /* KeywordHotItemCell.xib in Resources */,
				EE3F70A9222D6289005DF6E7 /* KeywordRecommendCell.xib in Resources */,
			);
			runOnlyForDeploymentPostprocessing = 0;
		};
		EE3F7054222D0CBE005DF6E7 /* Resources */ = {
			isa = PBXResourcesBuildPhase;
			buildActionMask = 2147483647;
			files = (
			);
			runOnlyForDeploymentPostprocessing = 0;
		};
		EE3F705F222D0CBE005DF6E7 /* Resources */ = {
			isa = PBXResourcesBuildPhase;
			buildActionMask = 2147483647;
			files = (
			);
			runOnlyForDeploymentPostprocessing = 0;
		};
/* End PBXResourcesBuildPhase section */

/* Begin PBXShellScriptBuildPhase section */
		072FF84693CC90464E816FD0 /* [CP] Check Pods Manifest.lock */ = {
			isa = PBXShellScriptBuildPhase;
			buildActionMask = 2147483647;
			files = (
			);
			inputPaths = (
				"${PODS_PODFILE_DIR_PATH}/Podfile.lock",
				"${PODS_ROOT}/Manifest.lock",
			);
			name = "[CP] Check Pods Manifest.lock";
			outputPaths = (
				"$(DERIVED_FILE_DIR)/Pods-HomeTestTiki-checkManifestLockResult.txt",
			);
			runOnlyForDeploymentPostprocessing = 0;
			shellPath = /bin/sh;
			shellScript = "diff \"${PODS_PODFILE_DIR_PATH}/Podfile.lock\" \"${PODS_ROOT}/Manifest.lock\" > /dev/null\nif [ $? != 0 ] ; then\n    # print error to STDERR\n    echo \"error: The sandbox is not in sync with the Podfile.lock. Run 'pod install' or update your CocoaPods installation.\" >&2\n    exit 1\nfi\n# This output is used by Xcode 'outputs' to avoid re-running this script phase.\necho \"SUCCESS\" > \"${SCRIPT_OUTPUT_FILE_0}\"\n";
			showEnvVarsInLog = 0;
		};
		3259E0B378E99234EFB5F0AD /* [CP] Embed Pods Frameworks */ = {
			isa = PBXShellScriptBuildPhase;
			buildActionMask = 2147483647;
			files = (
			);
			inputPaths = (
				"${SRCROOT}/Pods/Target Support Files/Pods-HomeTestTiki/Pods-HomeTestTiki-frameworks.sh",
				"${BUILT_PRODUCTS_DIR}/Alamofire/Alamofire.framework",
				"${BUILT_PRODUCTS_DIR}/AlamofireObjectMapper/AlamofireObjectMapper.framework",
				"${BUILT_PRODUCTS_DIR}/Differentiator/Differentiator.framework",
				"${BUILT_PRODUCTS_DIR}/Moya/Moya.framework",
				"${BUILT_PRODUCTS_DIR}/ObjectMapper/ObjectMapper.framework",
				"${BUILT_PRODUCTS_DIR}/ReachabilitySwift/Reachability.framework",
				"${BUILT_PRODUCTS_DIR}/Result/Result.framework",
				"${BUILT_PRODUCTS_DIR}/Reusable/Reusable.framework",
				"${BUILT_PRODUCTS_DIR}/RxAlamofire/RxAlamofire.framework",
				"${BUILT_PRODUCTS_DIR}/RxCocoa/RxCocoa.framework",
				"${BUILT_PRODUCTS_DIR}/RxDataSources/RxDataSources.framework",
				"${BUILT_PRODUCTS_DIR}/RxSwift/RxSwift.framework",
				"${BUILT_PRODUCTS_DIR}/SDWebImage/SDWebImage.framework",
				"${BUILT_PRODUCTS_DIR}/SVPullToRefresh/SVPullToRefresh.framework",
				"${BUILT_PRODUCTS_DIR}/ViewAnimator/ViewAnimator.framework",
				"${BUILT_PRODUCTS_DIR}/libwebp/libwebp.framework",
			);
			name = "[CP] Embed Pods Frameworks";
			outputPaths = (
				"${TARGET_BUILD_DIR}/${FRAMEWORKS_FOLDER_PATH}/Alamofire.framework",
				"${TARGET_BUILD_DIR}/${FRAMEWORKS_FOLDER_PATH}/AlamofireObjectMapper.framework",
				"${TARGET_BUILD_DIR}/${FRAMEWORKS_FOLDER_PATH}/Differentiator.framework",
				"${TARGET_BUILD_DIR}/${FRAMEWORKS_FOLDER_PATH}/Moya.framework",
				"${TARGET_BUILD_DIR}/${FRAMEWORKS_FOLDER_PATH}/ObjectMapper.framework",
				"${TARGET_BUILD_DIR}/${FRAMEWORKS_FOLDER_PATH}/Reachability.framework",
				"${TARGET_BUILD_DIR}/${FRAMEWORKS_FOLDER_PATH}/Result.framework",
				"${TARGET_BUILD_DIR}/${FRAMEWORKS_FOLDER_PATH}/Reusable.framework",
				"${TARGET_BUILD_DIR}/${FRAMEWORKS_FOLDER_PATH}/RxAlamofire.framework",
				"${TARGET_BUILD_DIR}/${FRAMEWORKS_FOLDER_PATH}/RxCocoa.framework",
				"${TARGET_BUILD_DIR}/${FRAMEWORKS_FOLDER_PATH}/RxDataSources.framework",
				"${TARGET_BUILD_DIR}/${FRAMEWORKS_FOLDER_PATH}/RxSwift.framework",
				"${TARGET_BUILD_DIR}/${FRAMEWORKS_FOLDER_PATH}/SDWebImage.framework",
				"${TARGET_BUILD_DIR}/${FRAMEWORKS_FOLDER_PATH}/SVPullToRefresh.framework",
				"${TARGET_BUILD_DIR}/${FRAMEWORKS_FOLDER_PATH}/ViewAnimator.framework",
				"${TARGET_BUILD_DIR}/${FRAMEWORKS_FOLDER_PATH}/libwebp.framework",
			);
			runOnlyForDeploymentPostprocessing = 0;
			shellPath = /bin/sh;
			shellScript = "\"${SRCROOT}/Pods/Target Support Files/Pods-HomeTestTiki/Pods-HomeTestTiki-frameworks.sh\"\n";
			showEnvVarsInLog = 0;
		};
		7269F1FC5AFF5BD0D5CC7D96 /* [CP] Check Pods Manifest.lock */ = {
			isa = PBXShellScriptBuildPhase;
			buildActionMask = 2147483647;
			files = (
			);
			inputPaths = (
				"${PODS_PODFILE_DIR_PATH}/Podfile.lock",
				"${PODS_ROOT}/Manifest.lock",
			);
			name = "[CP] Check Pods Manifest.lock";
			outputPaths = (
				"$(DERIVED_FILE_DIR)/Pods-HomeTestTikiUITests-checkManifestLockResult.txt",
			);
			runOnlyForDeploymentPostprocessing = 0;
			shellPath = /bin/sh;
			shellScript = "diff \"${PODS_PODFILE_DIR_PATH}/Podfile.lock\" \"${PODS_ROOT}/Manifest.lock\" > /dev/null\nif [ $? != 0 ] ; then\n    # print error to STDERR\n    echo \"error: The sandbox is not in sync with the Podfile.lock. Run 'pod install' or update your CocoaPods installation.\" >&2\n    exit 1\nfi\n# This output is used by Xcode 'outputs' to avoid re-running this script phase.\necho \"SUCCESS\" > \"${SCRIPT_OUTPUT_FILE_0}\"\n";
			showEnvVarsInLog = 0;
		};
		AA2DD76DCDA6AFF65F676BAB /* [CP] Check Pods Manifest.lock */ = {
			isa = PBXShellScriptBuildPhase;
			buildActionMask = 2147483647;
			files = (
			);
			inputPaths = (
				"${PODS_PODFILE_DIR_PATH}/Podfile.lock",
				"${PODS_ROOT}/Manifest.lock",
			);
			name = "[CP] Check Pods Manifest.lock";
			outputPaths = (
				"$(DERIVED_FILE_DIR)/Pods-HomeTestTikiTests-checkManifestLockResult.txt",
			);
			runOnlyForDeploymentPostprocessing = 0;
			shellPath = /bin/sh;
			shellScript = "diff \"${PODS_PODFILE_DIR_PATH}/Podfile.lock\" \"${PODS_ROOT}/Manifest.lock\" > /dev/null\nif [ $? != 0 ] ; then\n    # print error to STDERR\n    echo \"error: The sandbox is not in sync with the Podfile.lock. Run 'pod install' or update your CocoaPods installation.\" >&2\n    exit 1\nfi\n# This output is used by Xcode 'outputs' to avoid re-running this script phase.\necho \"SUCCESS\" > \"${SCRIPT_OUTPUT_FILE_0}\"\n";
			showEnvVarsInLog = 0;
		};
/* End PBXShellScriptBuildPhase section */

/* Begin PBXSourcesBuildPhase section */
		EE3F703E222D0CBB005DF6E7 /* Sources */ = {
			isa = PBXSourcesBuildPhase;
			buildActionMask = 2147483647;
			files = (
				EE3F708D222D252E005DF6E7 /* NetworkLogger.swift in Sources */,
				EE3F7084222D18BF005DF6E7 /* ReachabilityManager.swift in Sources */,
				EE3F7086222D1E53005DF6E7 /* Constants.swift in Sources */,
				EE3F7046222D0CBB005DF6E7 /* AppDelegate.swift in Sources */,
				EE3F7088222D2024005DF6E7 /* HomeService.swift in Sources */,
				EE3F7096222D2F2D005DF6E7 /* HomeBaseCellViewModel.swift in Sources */,
				EE3F708B222D2149005DF6E7 /* Keyword.swift in Sources */,
				EE3F7098222D3E10005DF6E7 /* GenericError.swift in Sources */,
				EE3F7077222D1227005DF6E7 /* BaseViewCtr.swift in Sources */,
				EE3F7082222D186A005DF6E7 /* Observable+Operators.swift in Sources */,
				EE3F70A8222D6289005DF6E7 /* KeywordRecommendCell.swift in Sources */,
				EE3F7091222D2883005DF6E7 /* HomeViewCtr.swift in Sources */,
				EE3F708F222D258A005DF6E7 /* Logger.swift in Sources */,
				EE3F70B5222DA6C4005DF6E7 /* Color+Utility.swift in Sources */,
				EE3F707A222D1317005DF6E7 /* protocols+.swift in Sources */,
				EE3F707D222D13DF005DF6E7 /* BaseNavigationCtr.swift in Sources */,
				EE3F70A0222D5BFC005DF6E7 /* KeywordHotItemCell.swift in Sources */,
				EE3F70B1222D90D5005DF6E7 /* TableView+Utility.swift in Sources */,
				EE3F70B3222D910F005DF6E7 /* BaseCell.swift in Sources */,
				EE3F7094222D28F1005DF6E7 /* HomeViewModel.swift in Sources */,
				EE3F70B7222DAD53005DF6E7 /* String+Utility.swift in Sources */,
				EE3F7080222D1477005DF6E7 /* ServiceType.swift in Sources */,
				EE3F70AC222D69A2005DF6E7 /* KeywordHotCell.swift in Sources */,
			);
			runOnlyForDeploymentPostprocessing = 0;
		};
		EE3F7052222D0CBE005DF6E7 /* Sources */ = {
			isa = PBXSourcesBuildPhase;
			buildActionMask = 2147483647;
			files = (
				EE3F705B222D0CBE005DF6E7 /* HomeTestTikiTests.swift in Sources */,
			);
			runOnlyForDeploymentPostprocessing = 0;
		};
		EE3F705D222D0CBE005DF6E7 /* Sources */ = {
			isa = PBXSourcesBuildPhase;
			buildActionMask = 2147483647;
			files = (
				EE3F7066222D0CBE005DF6E7 /* HomeTestTikiUITests.swift in Sources */,
			);
			runOnlyForDeploymentPostprocessing = 0;
		};
/* End PBXSourcesBuildPhase section */

/* Begin PBXTargetDependency section */
		EE3F7058222D0CBE005DF6E7 /* PBXTargetDependency */ = {
			isa = PBXTargetDependency;
			target = EE3F7041222D0CBB005DF6E7 /* HomeTestTiki */;
			targetProxy = EE3F7057222D0CBE005DF6E7 /* PBXContainerItemProxy */;
		};
		EE3F7063222D0CBE005DF6E7 /* PBXTargetDependency */ = {
			isa = PBXTargetDependency;
			target = EE3F7041222D0CBB005DF6E7 /* HomeTestTiki */;
			targetProxy = EE3F7062222D0CBE005DF6E7 /* PBXContainerItemProxy */;
		};
/* End PBXTargetDependency section */

/* Begin PBXVariantGroup section */
		EE3F7049222D0CBB005DF6E7 /* Main.storyboard */ = {
			isa = PBXVariantGroup;
			children = (
				EE3F704A222D0CBB005DF6E7 /* Base */,
			);
			name = Main.storyboard;
			sourceTree = "<group>";
		};
		EE3F704E222D0CBD005DF6E7 /* LaunchScreen.storyboard */ = {
			isa = PBXVariantGroup;
			children = (
				EE3F704F222D0CBD005DF6E7 /* Base */,
			);
			name = LaunchScreen.storyboard;
			sourceTree = "<group>";
		};
/* End PBXVariantGroup section */

/* Begin XCBuildConfiguration section */
		EE3F7068222D0CBE005DF6E7 /* Debug */ = {
			isa = XCBuildConfiguration;
			buildSettings = {
				ALWAYS_SEARCH_USER_PATHS = NO;
				CLANG_ANALYZER_NONNULL = YES;
				CLANG_ANALYZER_NUMBER_OBJECT_CONVERSION = YES_AGGRESSIVE;
				CLANG_CXX_LANGUAGE_STANDARD = "gnu++14";
				CLANG_CXX_LIBRARY = "libc++";
				CLANG_ENABLE_MODULES = YES;
				CLANG_ENABLE_OBJC_ARC = YES;
				CLANG_ENABLE_OBJC_WEAK = YES;
				CLANG_WARN_BLOCK_CAPTURE_AUTORELEASING = YES;
				CLANG_WARN_BOOL_CONVERSION = YES;
				CLANG_WARN_COMMA = YES;
				CLANG_WARN_CONSTANT_CONVERSION = YES;
				CLANG_WARN_DEPRECATED_OBJC_IMPLEMENTATIONS = YES;
				CLANG_WARN_DIRECT_OBJC_ISA_USAGE = YES_ERROR;
				CLANG_WARN_DOCUMENTATION_COMMENTS = YES;
				CLANG_WARN_EMPTY_BODY = YES;
				CLANG_WARN_ENUM_CONVERSION = YES;
				CLANG_WARN_INFINITE_RECURSION = YES;
				CLANG_WARN_INT_CONVERSION = YES;
				CLANG_WARN_NON_LITERAL_NULL_CONVERSION = YES;
				CLANG_WARN_OBJC_IMPLICIT_RETAIN_SELF = YES;
				CLANG_WARN_OBJC_LITERAL_CONVERSION = YES;
				CLANG_WARN_OBJC_ROOT_CLASS = YES_ERROR;
				CLANG_WARN_RANGE_LOOP_ANALYSIS = YES;
				CLANG_WARN_STRICT_PROTOTYPES = YES;
				CLANG_WARN_SUSPICIOUS_MOVE = YES;
				CLANG_WARN_UNGUARDED_AVAILABILITY = YES_AGGRESSIVE;
				CLANG_WARN_UNREACHABLE_CODE = YES;
				CLANG_WARN__DUPLICATE_METHOD_MATCH = YES;
				CODE_SIGN_IDENTITY = "iPhone Developer";
				COPY_PHASE_STRIP = NO;
				DEBUG_INFORMATION_FORMAT = dwarf;
				ENABLE_STRICT_OBJC_MSGSEND = YES;
				ENABLE_TESTABILITY = YES;
				GCC_C_LANGUAGE_STANDARD = gnu11;
				GCC_DYNAMIC_NO_PIC = NO;
				GCC_NO_COMMON_BLOCKS = YES;
				GCC_OPTIMIZATION_LEVEL = 0;
				GCC_PREPROCESSOR_DEFINITIONS = (
					"DEBUG=1",
					"$(inherited)",
				);
				GCC_WARN_64_TO_32_BIT_CONVERSION = YES;
				GCC_WARN_ABOUT_RETURN_TYPE = YES_ERROR;
				GCC_WARN_UNDECLARED_SELECTOR = YES;
				GCC_WARN_UNINITIALIZED_AUTOS = YES_AGGRESSIVE;
				GCC_WARN_UNUSED_FUNCTION = YES;
				GCC_WARN_UNUSED_VARIABLE = YES;
				IPHONEOS_DEPLOYMENT_TARGET = 12.0;
				MTL_ENABLE_DEBUG_INFO = INCLUDE_SOURCE;
				MTL_FAST_MATH = YES;
				ONLY_ACTIVE_ARCH = YES;
				SDKROOT = iphoneos;
				SWIFT_ACTIVE_COMPILATION_CONDITIONS = DEBUG;
				SWIFT_OPTIMIZATION_LEVEL = "-Onone";
			};
			name = Debug;
		};
		EE3F7069222D0CBE005DF6E7 /* Release */ = {
			isa = XCBuildConfiguration;
			buildSettings = {
				ALWAYS_SEARCH_USER_PATHS = NO;
				CLANG_ANALYZER_NONNULL = YES;
				CLANG_ANALYZER_NUMBER_OBJECT_CONVERSION = YES_AGGRESSIVE;
				CLANG_CXX_LANGUAGE_STANDARD = "gnu++14";
				CLANG_CXX_LIBRARY = "libc++";
				CLANG_ENABLE_MODULES = YES;
				CLANG_ENABLE_OBJC_ARC = YES;
				CLANG_ENABLE_OBJC_WEAK = YES;
				CLANG_WARN_BLOCK_CAPTURE_AUTORELEASING = YES;
				CLANG_WARN_BOOL_CONVERSION = YES;
				CLANG_WARN_COMMA = YES;
				CLANG_WARN_CONSTANT_CONVERSION = YES;
				CLANG_WARN_DEPRECATED_OBJC_IMPLEMENTATIONS = YES;
				CLANG_WARN_DIRECT_OBJC_ISA_USAGE = YES_ERROR;
				CLANG_WARN_DOCUMENTATION_COMMENTS = YES;
				CLANG_WARN_EMPTY_BODY = YES;
				CLANG_WARN_ENUM_CONVERSION = YES;
				CLANG_WARN_INFINITE_RECURSION = YES;
				CLANG_WARN_INT_CONVERSION = YES;
				CLANG_WARN_NON_LITERAL_NULL_CONVERSION = YES;
				CLANG_WARN_OBJC_IMPLICIT_RETAIN_SELF = YES;
				CLANG_WARN_OBJC_LITERAL_CONVERSION = YES;
				CLANG_WARN_OBJC_ROOT_CLASS = YES_ERROR;
				CLANG_WARN_RANGE_LOOP_ANALYSIS = YES;
				CLANG_WARN_STRICT_PROTOTYPES = YES;
				CLANG_WARN_SUSPICIOUS_MOVE = YES;
				CLANG_WARN_UNGUARDED_AVAILABILITY = YES_AGGRESSIVE;
				CLANG_WARN_UNREACHABLE_CODE = YES;
				CLANG_WARN__DUPLICATE_METHOD_MATCH = YES;
				CODE_SIGN_IDENTITY = "iPhone Developer";
				COPY_PHASE_STRIP = NO;
				DEBUG_INFORMATION_FORMAT = "dwarf-with-dsym";
				ENABLE_NS_ASSERTIONS = NO;
				ENABLE_STRICT_OBJC_MSGSEND = YES;
				GCC_C_LANGUAGE_STANDARD = gnu11;
				GCC_NO_COMMON_BLOCKS = YES;
				GCC_WARN_64_TO_32_BIT_CONVERSION = YES;
				GCC_WARN_ABOUT_RETURN_TYPE = YES_ERROR;
				GCC_WARN_UNDECLARED_SELECTOR = YES;
				GCC_WARN_UNINITIALIZED_AUTOS = YES_AGGRESSIVE;
				GCC_WARN_UNUSED_FUNCTION = YES;
				GCC_WARN_UNUSED_VARIABLE = YES;
				IPHONEOS_DEPLOYMENT_TARGET = 12.0;
				MTL_ENABLE_DEBUG_INFO = NO;
				MTL_FAST_MATH = YES;
				SDKROOT = iphoneos;
				SWIFT_COMPILATION_MODE = wholemodule;
				SWIFT_OPTIMIZATION_LEVEL = "-O";
				VALIDATE_PRODUCT = YES;
			};
			name = Release;
		};
		EE3F706B222D0CBE005DF6E7 /* Debug */ = {
			isa = XCBuildConfiguration;
			baseConfigurationReference = BC58AD438CA3979E417498FE /* Pods-HomeTestTiki.debug.xcconfig */;
			buildSettings = {
				ASSETCATALOG_COMPILER_APPICON_NAME = AppIcon;
				CODE_SIGN_STYLE = Automatic;
				INFOPLIST_FILE = HomeTestTiki/Info.plist;
				LD_RUNPATH_SEARCH_PATHS = (
					"$(inherited)",
					"@executable_path/Frameworks",
				);
				PRODUCT_BUNDLE_IDENTIFIER = tiki.vn.HomeTestTiki;
				PRODUCT_NAME = "$(TARGET_NAME)";
				SWIFT_VERSION = 4.2;
				TARGETED_DEVICE_FAMILY = "1,2";
			};
			name = Debug;
		};
		EE3F706C222D0CBE005DF6E7 /* Release */ = {
			isa = XCBuildConfiguration;
			baseConfigurationReference = D6F0A40D848A6BEEF0B9BCF5 /* Pods-HomeTestTiki.release.xcconfig */;
			buildSettings = {
				ASSETCATALOG_COMPILER_APPICON_NAME = AppIcon;
				CODE_SIGN_STYLE = Automatic;
				INFOPLIST_FILE = HomeTestTiki/Info.plist;
				LD_RUNPATH_SEARCH_PATHS = (
					"$(inherited)",
					"@executable_path/Frameworks",
				);
				PRODUCT_BUNDLE_IDENTIFIER = tiki.vn.HomeTestTiki;
				PRODUCT_NAME = "$(TARGET_NAME)";
				SWIFT_VERSION = 4.2;
				TARGETED_DEVICE_FAMILY = "1,2";
			};
			name = Release;
		};
		EE3F706E222D0CBE005DF6E7 /* Debug */ = {
			isa = XCBuildConfiguration;
			baseConfigurationReference = 456E134642E64EEE89F4254E /* Pods-HomeTestTikiTests.debug.xcconfig */;
			buildSettings = {
				ALWAYS_EMBED_SWIFT_STANDARD_LIBRARIES = YES;
				BUNDLE_LOADER = "$(TEST_HOST)";
				CODE_SIGN_STYLE = Automatic;
				INFOPLIST_FILE = HomeTestTikiTests/Info.plist;
				LD_RUNPATH_SEARCH_PATHS = (
					"$(inherited)",
					"@executable_path/Frameworks",
					"@loader_path/Frameworks",
				);
				PRODUCT_BUNDLE_IDENTIFIER = tiki.vn.HomeTestTikiTests;
				PRODUCT_NAME = "$(TARGET_NAME)";
				SWIFT_VERSION = 4.2;
				TARGETED_DEVICE_FAMILY = "1,2";
				TEST_HOST = "$(BUILT_PRODUCTS_DIR)/HomeTestTiki.app/HomeTestTiki";
			};
			name = Debug;
		};
		EE3F706F222D0CBE005DF6E7 /* Release */ = {
			isa = XCBuildConfiguration;
			baseConfigurationReference = D11316B476DFD614B1034B04 /* Pods-HomeTestTikiTests.release.xcconfig */;
			buildSettings = {
				ALWAYS_EMBED_SWIFT_STANDARD_LIBRARIES = YES;
				BUNDLE_LOADER = "$(TEST_HOST)";
				CODE_SIGN_STYLE = Automatic;
				INFOPLIST_FILE = HomeTestTikiTests/Info.plist;
				LD_RUNPATH_SEARCH_PATHS = (
					"$(inherited)",
					"@executable_path/Frameworks",
					"@loader_path/Frameworks",
				);
				PRODUCT_BUNDLE_IDENTIFIER = tiki.vn.HomeTestTikiTests;
				PRODUCT_NAME = "$(TARGET_NAME)";
				SWIFT_VERSION = 4.2;
				TARGETED_DEVICE_FAMILY = "1,2";
				TEST_HOST = "$(BUILT_PRODUCTS_DIR)/HomeTestTiki.app/HomeTestTiki";
			};
			name = Release;
		};
		EE3F7071222D0CBE005DF6E7 /* Debug */ = {
			isa = XCBuildConfiguration;
			baseConfigurationReference = D1F9A91FF2753DBD0E468C12 /* Pods-HomeTestTikiUITests.debug.xcconfig */;
			buildSettings = {
				ALWAYS_EMBED_SWIFT_STANDARD_LIBRARIES = YES;
				CODE_SIGN_STYLE = Automatic;
				INFOPLIST_FILE = HomeTestTikiUITests/Info.plist;
				LD_RUNPATH_SEARCH_PATHS = (
					"$(inherited)",
					"@executable_path/Frameworks",
					"@loader_path/Frameworks",
				);
				PRODUCT_BUNDLE_IDENTIFIER = tiki.vn.HomeTestTikiUITests;
				PRODUCT_NAME = "$(TARGET_NAME)";
				SWIFT_VERSION = 4.2;
				TARGETED_DEVICE_FAMILY = "1,2";
				TEST_TARGET_NAME = HomeTestTiki;
			};
			name = Debug;
		};
		EE3F7072222D0CBE005DF6E7 /* Release */ = {
			isa = XCBuildConfiguration;
			baseConfigurationReference = 0B0586AD1B3E38A395CCAC19 /* Pods-HomeTestTikiUITests.release.xcconfig */;
			buildSettings = {
				ALWAYS_EMBED_SWIFT_STANDARD_LIBRARIES = YES;
				CODE_SIGN_STYLE = Automatic;
				INFOPLIST_FILE = HomeTestTikiUITests/Info.plist;
				LD_RUNPATH_SEARCH_PATHS = (
					"$(inherited)",
					"@executable_path/Frameworks",
					"@loader_path/Frameworks",
				);
				PRODUCT_BUNDLE_IDENTIFIER = tiki.vn.HomeTestTikiUITests;
				PRODUCT_NAME = "$(TARGET_NAME)";
				SWIFT_VERSION = 4.2;
				TARGETED_DEVICE_FAMILY = "1,2";
				TEST_TARGET_NAME = HomeTestTiki;
			};
			name = Release;
		};
/* End XCBuildConfiguration section */

/* Begin XCConfigurationList section */
		EE3F703D222D0CBB005DF6E7 /* Build configuration list for PBXProject "HomeTestTiki" */ = {
			isa = XCConfigurationList;
			buildConfigurations = (
				EE3F7068222D0CBE005DF6E7 /* Debug */,
				EE3F7069222D0CBE005DF6E7 /* Release */,
			);
			defaultConfigurationIsVisible = 0;
			defaultConfigurationName = Release;
		};
		EE3F706A222D0CBE005DF6E7 /* Build configuration list for PBXNativeTarget "HomeTestTiki" */ = {
			isa = XCConfigurationList;
			buildConfigurations = (
				EE3F706B222D0CBE005DF6E7 /* Debug */,
				EE3F706C222D0CBE005DF6E7 /* Release */,
			);
			defaultConfigurationIsVisible = 0;
			defaultConfigurationName = Release;
		};
		EE3F706D222D0CBE005DF6E7 /* Build configuration list for PBXNativeTarget "HomeTestTikiTests" */ = {
			isa = XCConfigurationList;
			buildConfigurations = (
				EE3F706E222D0CBE005DF6E7 /* Debug */,
				EE3F706F222D0CBE005DF6E7 /* Release */,
			);
			defaultConfigurationIsVisible = 0;
			defaultConfigurationName = Release;
		};
		EE3F7070222D0CBE005DF6E7 /* Build configuration list for PBXNativeTarget "HomeTestTikiUITests" */ = {
			isa = XCConfigurationList;
			buildConfigurations = (
				EE3F7071222D0CBE005DF6E7 /* Debug */,
				EE3F7072222D0CBE005DF6E7 /* Release */,
			);
			defaultConfigurationIsVisible = 0;
			defaultConfigurationName = Release;
		};
/* End XCConfigurationList section */
	};
	rootObject = EE3F703A222D0CBB005DF6E7 /* Project object */;
}
